// !$*UTF8*$!
{
	archiveVersion = 1;
	classes = {
	};
	objectVersion = 56;
	objects = {

/* Begin PBXBuildFile section */
		80FC450A2C26F9630074EAA4 /* copymanApp.swift in Sources */ = {isa = PBXBuildFile; fileRef = 80FC45092C26F9630074EAA4 /* copymanApp.swift */; };
		80FC450C2C26F9630074EAA4 /* ContentView.swift in Sources */ = {isa = PBXBuildFile; fileRef = 80FC450B2C26F9630074EAA4 /* ContentView.swift */; };
		80FC450E2C26F9630074EAA4 /* Item.swift in Sources */ = {isa = PBXBuildFile; fileRef = 80FC450D2C26F9630074EAA4 /* Item.swift */; };
		80FC45102C26F9640074EAA4 /* Assets.xcassets in Resources */ = {isa = PBXBuildFile; fileRef = 80FC450F2C26F9640074EAA4 /* Assets.xcassets */; };
		80FC45132C26F9640074EAA4 /* Preview Assets.xcassets in Resources */ = {isa = PBXBuildFile; fileRef = 80FC45122C26F9640074EAA4 /* Preview Assets.xcassets */; };
		80FC451D2C26F9640074EAA4 /* copymanTests.swift in Sources */ = {isa = PBXBuildFile; fileRef = 80FC451C2C26F9640074EAA4 /* copymanTests.swift */; };
		80FC45272C26F9640074EAA4 /* copymanUITests.swift in Sources */ = {isa = PBXBuildFile; fileRef = 80FC45262C26F9640074EAA4 /* copymanUITests.swift */; };
		80FC45292C26F9640074EAA4 /* copymanUITestsLaunchTests.swift in Sources */ = {isa = PBXBuildFile; fileRef = 80FC45282C26F9640074EAA4 /* copymanUITestsLaunchTests.swift */; };
/* End PBXBuildFile section */

/* Begin PBXContainerItemProxy section */
		80FC45192C26F9640074EAA4 /* PBXContainerItemProxy */ = {
			isa = PBXContainerItemProxy;
			containerPortal = 80FC44FE2C26F9630074EAA4 /* Project object */;
			proxyType = 1;
			remoteGlobalIDString = 80FC45052C26F9630074EAA4;
			remoteInfo = copyman;
		};
		80FC45232C26F9640074EAA4 /* PBXContainerItemProxy */ = {
			isa = PBXContainerItemProxy;
			containerPortal = 80FC44FE2C26F9630074EAA4 /* Project object */;
			proxyType = 1;
			remoteGlobalIDString = 80FC45052C26F9630074EAA4;
			remoteInfo = copyman;
		};
/* End PBXContainerItemProxy section */

/* Begin PBXFileReference section */
		80FC45062C26F9630074EAA4 /* copyman.app */ = {isa = PBXFileReference; explicitFileType = wrapper.application; includeInIndex = 0; path = copyman.app; sourceTree = BUILT_PRODUCTS_DIR; };
		80FC45092C26F9630074EAA4 /* copymanApp.swift */ = {isa = PBXFileReference; lastKnownFileType = sourcecode.swift; path = copymanApp.swift; sourceTree = "<group>"; };
		80FC450B2C26F9630074EAA4 /* ContentView.swift */ = {isa = PBXFileReference; lastKnownFileType = sourcecode.swift; path = ContentView.swift; sourceTree = "<group>"; };
		80FC450D2C26F9630074EAA4 /* Item.swift */ = {isa = PBXFileReference; lastKnownFileType = sourcecode.swift; path = Item.swift; sourceTree = "<group>"; };
		80FC450F2C26F9640074EAA4 /* Assets.xcassets */ = {isa = PBXFileReference; lastKnownFileType = folder.assetcatalog; path = Assets.xcassets; sourceTree = "<group>"; };
		80FC45122C26F9640074EAA4 /* Preview Assets.xcassets */ = {isa = PBXFileReference; lastKnownFileType = folder.assetcatalog; path = "Preview Assets.xcassets"; sourceTree = "<group>"; };
		80FC45182C26F9640074EAA4 /* copymanTests.xctest */ = {isa = PBXFileReference; explicitFileType = wrapper.cfbundle; includeInIndex = 0; path = copymanTests.xctest; sourceTree = BUILT_PRODUCTS_DIR; };
		80FC451C2C26F9640074EAA4 /* copymanTests.swift */ = {isa = PBXFileReference; lastKnownFileType = sourcecode.swift; path = copymanTests.swift; sourceTree = "<group>"; };
		80FC45222C26F9640074EAA4 /* copymanUITests.xctest */ = {isa = PBXFileReference; explicitFileType = wrapper.cfbundle; includeInIndex = 0; path = copymanUITests.xctest; sourceTree = BUILT_PRODUCTS_DIR; };
		80FC45262C26F9640074EAA4 /* copymanUITests.swift */ = {isa = PBXFileReference; lastKnownFileType = sourcecode.swift; path = copymanUITests.swift; sourceTree = "<group>"; };
		80FC45282C26F9640074EAA4 /* copymanUITestsLaunchTests.swift */ = {isa = PBXFileReference; lastKnownFileType = sourcecode.swift; path = copymanUITestsLaunchTests.swift; sourceTree = "<group>"; };
/* End PBXFileReference section */

/* Begin PBXFrameworksBuildPhase section */
		80FC45032C26F9630074EAA4 /* Frameworks */ = {
			isa = PBXFrameworksBuildPhase;
			buildActionMask = 2147483647;
			files = (
			);
			runOnlyForDeploymentPostprocessing = 0;
		};
		80FC45152C26F9640074EAA4 /* Frameworks */ = {
			isa = PBXFrameworksBuildPhase;
			buildActionMask = 2147483647;
			files = (
			);
			runOnlyForDeploymentPostprocessing = 0;
		};
		80FC451F2C26F9640074EAA4 /* Frameworks */ = {
			isa = PBXFrameworksBuildPhase;
			buildActionMask = 2147483647;
			files = (
			);
			runOnlyForDeploymentPostprocessing = 0;
		};
/* End PBXFrameworksBuildPhase section */

/* Begin PBXGroup section */
		80FC44FD2C26F9630074EAA4 = {
			isa = PBXGroup;
			children = (
				80FC45082C26F9630074EAA4 /* copyman */,
				80FC451B2C26F9640074EAA4 /* copymanTests */,
				80FC45252C26F9640074EAA4 /* copymanUITests */,
				80FC45072C26F9630074EAA4 /* Products */,
			);
			sourceTree = "<group>";
		};
		80FC45072C26F9630074EAA4 /* Products */ = {
			isa = PBXGroup;
			children = (
				80FC45062C26F9630074EAA4 /* copyman.app */,
				80FC45182C26F9640074EAA4 /* copymanTests.xctest */,
				80FC45222C26F9640074EAA4 /* copymanUITests.xctest */,
			);
			name = Products;
			sourceTree = "<group>";
		};
		80FC45082C26F9630074EAA4 /* copyman */ = {
			isa = PBXGroup;
			children = (
				80FC45092C26F9630074EAA4 /* copymanApp.swift */,
				80FC450B2C26F9630074EAA4 /* ContentView.swift */,
				80FC450D2C26F9630074EAA4 /* Item.swift */,
				80FC450F2C26F9640074EAA4 /* Assets.xcassets */,
				80FC45112C26F9640074EAA4 /* Preview Content */,
			);
			path = copyman;
			sourceTree = "<group>";
		};
		80FC45112C26F9640074EAA4 /* Preview Content */ = {
			isa = PBXGroup;
			children = (
				80FC45122C26F9640074EAA4 /* Preview Assets.xcassets */,
			);
			path = "Preview Content";
			sourceTree = "<group>";
		};
		80FC451B2C26F9640074EAA4 /* copymanTests */ = {
			isa = PBXGroup;
			children = (
				80FC451C2C26F9640074EAA4 /* copymanTests.swift */,
			);
			path = copymanTests;
			sourceTree = "<group>";
		};
		80FC45252C26F9640074EAA4 /* copymanUITests */ = {
			isa = PBXGroup;
			children = (
				80FC45262C26F9640074EAA4 /* copymanUITests.swift */,
				80FC45282C26F9640074EAA4 /* copymanUITestsLaunchTests.swift */,
			);
			path = copymanUITests;
			sourceTree = "<group>";
		};
/* End PBXGroup section */

/* Begin PBXNativeTarget section */
		80FC45052C26F9630074EAA4 /* copyman */ = {
			isa = PBXNativeTarget;
			buildConfigurationList = 80FC452C2C26F9640074EAA4 /* Build configuration list for PBXNativeTarget "copyman" */;
			buildPhases = (
				80FC45022C26F9630074EAA4 /* Sources */,
				80FC45032C26F9630074EAA4 /* Frameworks */,
				80FC45042C26F9630074EAA4 /* Resources */,
			);
			buildRules = (
			);
			dependencies = (
			);
			name = copyman;
			productName = copyman;
			productReference = 80FC45062C26F9630074EAA4 /* copyman.app */;
			productType = "com.apple.product-type.application";
		};
		80FC45172C26F9640074EAA4 /* copymanTests */ = {
			isa = PBXNativeTarget;
			buildConfigurationList = 80FC452F2C26F9640074EAA4 /* Build configuration list for PBXNativeTarget "copymanTests" */;
			buildPhases = (
				80FC45142C26F9640074EAA4 /* Sources */,
				80FC45152C26F9640074EAA4 /* Frameworks */,
				80FC45162C26F9640074EAA4 /* Resources */,
			);
			buildRules = (
			);
			dependencies = (
				80FC451A2C26F9640074EAA4 /* PBXTargetDependency */,
			);
			name = copymanTests;
			productName = copymanTests;
			productReference = 80FC45182C26F9640074EAA4 /* copymanTests.xctest */;
			productType = "com.apple.product-type.bundle.unit-test";
		};
		80FC45212C26F9640074EAA4 /* copymanUITests */ = {
			isa = PBXNativeTarget;
			buildConfigurationList = 80FC45322C26F9640074EAA4 /* Build configuration list for PBXNativeTarget "copymanUITests" */;
			buildPhases = (
				80FC451E2C26F9640074EAA4 /* Sources */,
				80FC451F2C26F9640074EAA4 /* Frameworks */,
				80FC45202C26F9640074EAA4 /* Resources */,
			);
			buildRules = (
			);
			dependencies = (
				80FC45242C26F9640074EAA4 /* PBXTargetDependency */,
			);
			name = copymanUITests;
			productName = copymanUITests;
			productReference = 80FC45222C26F9640074EAA4 /* copymanUITests.xctest */;
			productType = "com.apple.product-type.bundle.ui-testing";
		};
/* End PBXNativeTarget section */

/* Begin PBXProject section */
		80FC44FE2C26F9630074EAA4 /* Project object */ = {
			isa = PBXProject;
			attributes = {
				BuildIndependentTargetsInParallel = 1;
				LastSwiftUpdateCheck = 1540;
				LastUpgradeCheck = 1540;
				TargetAttributes = {
					80FC45052C26F9630074EAA4 = {
						CreatedOnToolsVersion = 15.4;
					};
					80FC45172C26F9640074EAA4 = {
						CreatedOnToolsVersion = 15.4;
						TestTargetID = 80FC45052C26F9630074EAA4;
					};
					80FC45212C26F9640074EAA4 = {
						CreatedOnToolsVersion = 15.4;
						TestTargetID = 80FC45052C26F9630074EAA4;
					};
				};
			};
			buildConfigurationList = 80FC45012C26F9630074EAA4 /* Build configuration list for PBXProject "copyman" */;
			compatibilityVersion = "Xcode 14.0";
			developmentRegion = en;
			hasScannedForEncodings = 0;
			knownRegions = (
				en,
				Base,
			);
			mainGroup = 80FC44FD2C26F9630074EAA4;
			productRefGroup = 80FC45072C26F9630074EAA4 /* Products */;
			projectDirPath = "";
			projectRoot = "";
			targets = (
				80FC45052C26F9630074EAA4 /* copyman */,
				80FC45172C26F9640074EAA4 /* copymanTests */,
				80FC45212C26F9640074EAA4 /* copymanUITests */,
			);
		};
/* End PBXProject section */

/* Begin PBXResourcesBuildPhase section */
		80FC45042C26F9630074EAA4 /* Resources */ = {
			isa = PBXResourcesBuildPhase;
			buildActionMask = 2147483647;
			files = (
				80FC45132C26F9640074EAA4 /* Preview Assets.xcassets in Resources */,
				80FC45102C26F9640074EAA4 /* Assets.xcassets in Resources */,
			);
			runOnlyForDeploymentPostprocessing = 0;
		};
		80FC45162C26F9640074EAA4 /* Resources */ = {
			isa = PBXResourcesBuildPhase;
			buildActionMask = 2147483647;
			files = (
			);
			runOnlyForDeploymentPostprocessing = 0;
		};
		80FC45202C26F9640074EAA4 /* Resources */ = {
			isa = PBXResourcesBuildPhase;
			buildActionMask = 2147483647;
			files = (
			);
			runOnlyForDeploymentPostprocessing = 0;
		};
/* End PBXResourcesBuildPhase section */

/* Begin PBXSourcesBuildPhase section */
		80FC45022C26F9630074EAA4 /* Sources */ = {
			isa = PBXSourcesBuildPhase;
			buildActionMask = 2147483647;
			files = (
				80FC450C2C26F9630074EAA4 /* ContentView.swift in Sources */,
				80FC450E2C26F9630074EAA4 /* Item.swift in Sources */,
				80FC450A2C26F9630074EAA4 /* copymanApp.swift in Sources */,
			);
			runOnlyForDeploymentPostprocessing = 0;
		};
		80FC45142C26F9640074EAA4 /* Sources */ = {
			isa = PBXSourcesBuildPhase;
			buildActionMask = 2147483647;
			files = (
				80FC451D2C26F9640074EAA4 /* copymanTests.swift in Sources */,
			);
			runOnlyForDeploymentPostprocessing = 0;
		};
		80FC451E2C26F9640074EAA4 /* Sources */ = {
			isa = PBXSourcesBuildPhase;
			buildActionMask = 2147483647;
			files = (
				80FC45292C26F9640074EAA4 /* copymanUITestsLaunchTests.swift in Sources */,
				80FC45272C26F9640074EAA4 /* copymanUITests.swift in Sources */,
			);
			runOnlyForDeploymentPostprocessing = 0;
		};
/* End PBXSourcesBuildPhase section */

/* Begin PBXTargetDependency section */
		80FC451A2C26F9640074EAA4 /* PBXTargetDependency */ = {
			isa = PBXTargetDependency;
			target = 80FC45052C26F9630074EAA4 /* copyman */;
			targetProxy = 80FC45192C26F9640074EAA4 /* PBXContainerItemProxy */;
		};
		80FC45242C26F9640074EAA4 /* PBXTargetDependency */ = {
			isa = PBXTargetDependency;
			target = 80FC45052C26F9630074EAA4 /* copyman */;
			targetProxy = 80FC45232C26F9640074EAA4 /* PBXContainerItemProxy */;
		};
/* End PBXTargetDependency section */

/* Begin XCBuildConfiguration section */
		80FC452A2C26F9640074EAA4 /* Debug */ = {
			isa = XCBuildConfiguration;
			buildSettings = {
				ALWAYS_SEARCH_USER_PATHS = NO;
				ASSETCATALOG_COMPILER_GENERATE_SWIFT_ASSET_SYMBOL_EXTENSIONS = YES;
				CLANG_ANALYZER_NONNULL = YES;
				CLANG_ANALYZER_NUMBER_OBJECT_CONVERSION = YES_AGGRESSIVE;
				CLANG_CXX_LANGUAGE_STANDARD = "gnu++20";
				CLANG_ENABLE_MODULES = YES;
				CLANG_ENABLE_OBJC_ARC = YES;
				CLANG_ENABLE_OBJC_WEAK = YES;
				CLANG_WARN_BLOCK_CAPTURE_AUTORELEASING = YES;
				CLANG_WARN_BOOL_CONVERSION = YES;
				CLANG_WARN_COMMA = YES;
				CLANG_WARN_CONSTANT_CONVERSION = YES;
				CLANG_WARN_DEPRECATED_OBJC_IMPLEMENTATIONS = YES;
				CLANG_WARN_DIRECT_OBJC_ISA_USAGE = YES_ERROR;
				CLANG_WARN_DOCUMENTATION_COMMENTS = YES;
				CLANG_WARN_EMPTY_BODY = YES;
				CLANG_WARN_ENUM_CONVERSION = YES;
				CLANG_WARN_INFINITE_RECURSION = YES;
				CLANG_WARN_INT_CONVERSION = YES;
				CLANG_WARN_NON_LITERAL_NULL_CONVERSION = YES;
				CLANG_WARN_OBJC_IMPLICIT_RETAIN_SELF = YES;
				CLANG_WARN_OBJC_LITERAL_CONVERSION = YES;
				CLANG_WARN_OBJC_ROOT_CLASS = YES_ERROR;
				CLANG_WARN_QUOTED_INCLUDE_IN_FRAMEWORK_HEADER = YES;
				CLANG_WARN_RANGE_LOOP_ANALYSIS = YES;
				CLANG_WARN_STRICT_PROTOTYPES = YES;
				CLANG_WARN_SUSPICIOUS_MOVE = YES;
				CLANG_WARN_UNGUARDED_AVAILABILITY = YES_AGGRESSIVE;
				CLANG_WARN_UNREACHABLE_CODE = YES;
				CLANG_WARN__DUPLICATE_METHOD_MATCH = YES;
				COPY_PHASE_STRIP = NO;
				DEBUG_INFORMATION_FORMAT = dwarf;
				ENABLE_STRICT_OBJC_MSGSEND = YES;
				ENABLE_TESTABILITY = YES;
				ENABLE_USER_SCRIPT_SANDBOXING = YES;
				GCC_C_LANGUAGE_STANDARD = gnu17;
				GCC_DYNAMIC_NO_PIC = NO;
				GCC_NO_COMMON_BLOCKS = YES;
				GCC_OPTIMIZATION_LEVEL = 0;
				GCC_PREPROCESSOR_DEFINITIONS = (
					"DEBUG=1",
					"$(inherited)",
				);
				GCC_WARN_64_TO_32_BIT_CONVERSION = YES;
				GCC_WARN_ABOUT_RETURN_TYPE = YES_ERROR;
				GCC_WARN_UNDECLARED_SELECTOR = YES;
				GCC_WARN_UNINITIALIZED_AUTOS = YES_AGGRESSIVE;
				GCC_WARN_UNUSED_FUNCTION = YES;
				GCC_WARN_UNUSED_VARIABLE = YES;
				IPHONEOS_DEPLOYMENT_TARGET = 17.5;
				LOCALIZATION_PREFERS_STRING_CATALOGS = YES;
				MTL_ENABLE_DEBUG_INFO = INCLUDE_SOURCE;
				MTL_FAST_MATH = YES;
				ONLY_ACTIVE_ARCH = YES;
				SDKROOT = iphoneos;
				SWIFT_ACTIVE_COMPILATION_CONDITIONS = "DEBUG $(inherited)";
				SWIFT_OPTIMIZATION_LEVEL = "-Onone";
			};
			name = Debug;
		};
		80FC452B2C26F9640074EAA4 /* Release */ = {
			isa = XCBuildConfiguration;
			buildSettings = {
				ALWAYS_SEARCH_USER_PATHS = NO;
				ASSETCATALOG_COMPILER_GENERATE_SWIFT_ASSET_SYMBOL_EXTENSIONS = YES;
				CLANG_ANALYZER_NONNULL = YES;
				CLANG_ANALYZER_NUMBER_OBJECT_CONVERSION = YES_AGGRESSIVE;
				CLANG_CXX_LANGUAGE_STANDARD = "gnu++20";
				CLANG_ENABLE_MODULES = YES;
				CLANG_ENABLE_OBJC_ARC = YES;
				CLANG_ENABLE_OBJC_WEAK = YES;
				CLANG_WARN_BLOCK_CAPTURE_AUTORELEASING = YES;
				CLANG_WARN_BOOL_CONVERSION = YES;
				CLANG_WARN_COMMA = YES;
				CLANG_WARN_CONSTANT_CONVERSION = YES;
				CLANG_WARN_DEPRECATED_OBJC_IMPLEMENTATIONS = YES;
				CLANG_WARN_DIRECT_OBJC_ISA_USAGE = YES_ERROR;
				CLANG_WARN_DOCUMENTATION_COMMENTS = YES;
				CLANG_WARN_EMPTY_BODY = YES;
				CLANG_WARN_ENUM_CONVERSION = YES;
				CLANG_WARN_INFINITE_RECURSION = YES;
				CLANG_WARN_INT_CONVERSION = YES;
				CLANG_WARN_NON_LITERAL_NULL_CONVERSION = YES;
				CLANG_WARN_OBJC_IMPLICIT_RETAIN_SELF = YES;
				CLANG_WARN_OBJC_LITERAL_CONVERSION = YES;
				CLANG_WARN_OBJC_ROOT_CLASS = YES_ERROR;
				CLANG_WARN_QUOTED_INCLUDE_IN_FRAMEWORK_HEADER = YES;
				CLANG_WARN_RANGE_LOOP_ANALYSIS = YES;
				CLANG_WARN_STRICT_PROTOTYPES = YES;
				CLANG_WARN_SUSPICIOUS_MOVE = YES;
				CLANG_WARN_UNGUARDED_AVAILABILITY = YES_AGGRESSIVE;
				CLANG_WARN_UNREACHABLE_CODE = YES;
				CLANG_WARN__DUPLICATE_METHOD_MATCH = YES;
				COPY_PHASE_STRIP = NO;
				DEBUG_INFORMATION_FORMAT = "dwarf-with-dsym";
				ENABLE_NS_ASSERTIONS = NO;
				ENABLE_STRICT_OBJC_MSGSEND = YES;
				ENABLE_USER_SCRIPT_SANDBOXING = YES;
				GCC_C_LANGUAGE_STANDARD = gnu17;
				GCC_NO_COMMON_BLOCKS = YES;
				GCC_WARN_64_TO_32_BIT_CONVERSION = YES;
				GCC_WARN_ABOUT_RETURN_TYPE = YES_ERROR;
				GCC_WARN_UNDECLARED_SELECTOR = YES;
				GCC_WARN_UNINITIALIZED_AUTOS = YES_AGGRESSIVE;
				GCC_WARN_UNUSED_FUNCTION = YES;
				GCC_WARN_UNUSED_VARIABLE = YES;
				IPHONEOS_DEPLOYMENT_TARGET = 17.5;
				LOCALIZATION_PREFERS_STRING_CATALOGS = YES;
				MTL_ENABLE_DEBUG_INFO = NO;
				MTL_FAST_MATH = YES;
				SDKROOT = iphoneos;
				SWIFT_COMPILATION_MODE = wholemodule;
				VALIDATE_PRODUCT = YES;
			};
			name = Release;
		};
		80FC452D2C26F9640074EAA4 /* Debug */ = {
			isa = XCBuildConfiguration;
			buildSettings = {
				ASSETCATALOG_COMPILER_APPICON_NAME = AppIcon;
				ASSETCATALOG_COMPILER_GLOBAL_ACCENT_COLOR_NAME = AccentColor;
				CODE_SIGN_STYLE = Automatic;
				CURRENT_PROJECT_VERSION = 1;
				DEVELOPMENT_ASSET_PATHS = "\"copyman/Preview Content\"";
				DEVELOPMENT_TEAM = 4DZQ8R87XF;
				ENABLE_PREVIEWS = YES;
				GENERATE_INFOPLIST_FILE = YES;
				INFOPLIST_KEY_UIApplicationSceneManifest_Generation = YES;
				INFOPLIST_KEY_UIApplicationSupportsIndirectInputEvents = YES;
				INFOPLIST_KEY_UILaunchScreen_Generation = YES;
				INFOPLIST_KEY_UISupportedInterfaceOrientations_iPad = "UIInterfaceOrientationPortrait UIInterfaceOrientationPortraitUpsideDown UIInterfaceOrientationLandscapeLeft UIInterfaceOrientationLandscapeRight";
				INFOPLIST_KEY_UISupportedInterfaceOrientations_iPhone = "UIInterfaceOrientationPortrait UIInterfaceOrientationLandscapeLeft UIInterfaceOrientationLandscapeRight";
				LD_RUNPATH_SEARCH_PATHS = (
					"$(inherited)",
					"@executable_path/Frameworks",
				);
				MARKETING_VERSION = 1.0;
				PRODUCT_BUNDLE_IDENTIFIER = cool.antincs.copyman;
				PRODUCT_NAME = "$(TARGET_NAME)";
				SWIFT_EMIT_LOC_STRINGS = YES;
				SWIFT_VERSION = 5.0;
				TARGETED_DEVICE_FAMILY = "1,2";
			};
			name = Debug;
		};
		80FC452E2C26F9640074EAA4 /* Release */ = {
			isa = XCBuildConfiguration;
			buildSettings = {
				ASSETCATALOG_COMPILER_APPICON_NAME = AppIcon;
				ASSETCATALOG_COMPILER_GLOBAL_ACCENT_COLOR_NAME = AccentColor;
				CODE_SIGN_STYLE = Automatic;
				CURRENT_PROJECT_VERSION = 1;
				DEVELOPMENT_ASSET_PATHS = "\"copyman/Preview Content\"";
				DEVELOPMENT_TEAM = 4DZQ8R87XF;
				ENABLE_PREVIEWS = YES;
				GENERATE_INFOPLIST_FILE = YES;
				INFOPLIST_KEY_UIApplicationSceneManifest_Generation = YES;
				INFOPLIST_KEY_UIApplicationSupportsIndirectInputEvents = YES;
				INFOPLIST_KEY_UILaunchScreen_Generation = YES;
				INFOPLIST_KEY_UISupportedInterfaceOrientations_iPad = "UIInterfaceOrientationPortrait UIInterfaceOrientationPortraitUpsideDown UIInterfaceOrientationLandscapeLeft UIInterfaceOrientationLandscapeRight";
				INFOPLIST_KEY_UISupportedInterfaceOrientations_iPhone = "UIInterfaceOrientationPortrait UIInterfaceOrientationLandscapeLeft UIInterfaceOrientationLandscapeRight";
				LD_RUNPATH_SEARCH_PATHS = (
					"$(inherited)",
					"@executable_path/Frameworks",
				);
				MARKETING_VERSION = 1.0;
				PRODUCT_BUNDLE_IDENTIFIER = cool.antincs.copyman;
				PRODUCT_NAME = "$(TARGET_NAME)";
				SWIFT_EMIT_LOC_STRINGS = YES;
				SWIFT_VERSION = 5.0;
				TARGETED_DEVICE_FAMILY = "1,2";
			};
			name = Release;
		};
		80FC45302C26F9640074EAA4 /* Debug */ = {
			isa = XCBuildConfiguration;
			buildSettings = {
				ALWAYS_EMBED_SWIFT_STANDARD_LIBRARIES = YES;
				BUNDLE_LOADER = "$(TEST_HOST)";
				CODE_SIGN_STYLE = Automatic;
				CURRENT_PROJECT_VERSION = 1;
				DEVELOPMENT_TEAM = 4DZQ8R87XF;
				GENERATE_INFOPLIST_FILE = YES;
				IPHONEOS_DEPLOYMENT_TARGET = 17.5;
				MARKETING_VERSION = 1.0;
				PRODUCT_BUNDLE_IDENTIFIER = cool.antincs.copymanTests;
				PRODUCT_NAME = "$(TARGET_NAME)";
				SWIFT_EMIT_LOC_STRINGS = NO;
				SWIFT_VERSION = 5.0;
				TARGETED_DEVICE_FAMILY = "1,2";
				TEST_HOST = "$(BUILT_PRODUCTS_DIR)/copyman.app/$(BUNDLE_EXECUTABLE_FOLDER_PATH)/copyman";
			};
			name = Debug;
		};
		80FC45312C26F9640074EAA4 /* Release */ = {
			isa = XCBuildConfiguration;
			buildSettings = {
				ALWAYS_EMBED_SWIFT_STANDARD_LIBRARIES = YES;
				BUNDLE_LOADER = "$(TEST_HOST)";
				CODE_SIGN_STYLE = Automatic;
				CURRENT_PROJECT_VERSION = 1;
				DEVELOPMENT_TEAM = 4DZQ8R87XF;
				GENERATE_INFOPLIST_FILE = YES;
				IPHONEOS_DEPLOYMENT_TARGET = 17.5;
				MARKETING_VERSION = 1.0;
				PRODUCT_BUNDLE_IDENTIFIER = cool.antincs.copymanTests;
				PRODUCT_NAME = "$(TARGET_NAME)";
				SWIFT_EMIT_LOC_STRINGS = NO;
				SWIFT_VERSION = 5.0;
				TARGETED_DEVICE_FAMILY = "1,2";
				TEST_HOST = "$(BUILT_PRODUCTS_DIR)/copyman.app/$(BUNDLE_EXECUTABLE_FOLDER_PATH)/copyman";
			};
			name = Release;
		};
		80FC45332C26F9640074EAA4 /* Debug */ = {
			isa = XCBuildConfiguration;
			buildSettings = {
				ALWAYS_EMBED_SWIFT_STANDARD_LIBRARIES = YES;
				CODE_SIGN_STYLE = Automatic;
				CURRENT_PROJECT_VERSION = 1;
				DEVELOPMENT_TEAM = 4DZQ8R87XF;
				GENERATE_INFOPLIST_FILE = YES;
				MARKETING_VERSION = 1.0;
				PRODUCT_BUNDLE_IDENTIFIER = cool.antincs.copymanUITests;
				PRODUCT_NAME = "$(TARGET_NAME)";
				SWIFT_EMIT_LOC_STRINGS = NO;
				SWIFT_VERSION = 5.0;
				TARGETED_DEVICE_FAMILY = "1,2";
				TEST_TARGET_NAME = copyman;
			};
			name = Debug;
		};
		80FC45342C26F9640074EAA4 /* Release */ = {
			isa = XCBuildConfiguration;
			buildSettings = {
				ALWAYS_EMBED_SWIFT_STANDARD_LIBRARIES = YES;
				CODE_SIGN_STYLE = Automatic;
				CURRENT_PROJECT_VERSION = 1;
				DEVELOPMENT_TEAM = 4DZQ8R87XF;
				GENERATE_INFOPLIST_FILE = YES;
				MARKETING_VERSION = 1.0;
				PRODUCT_BUNDLE_IDENTIFIER = cool.antincs.copymanUITests;
				PRODUCT_NAME = "$(TARGET_NAME)";
				SWIFT_EMIT_LOC_STRINGS = NO;
				SWIFT_VERSION = 5.0;
				TARGETED_DEVICE_FAMILY = "1,2";
				TEST_TARGET_NAME = copyman;
			};
			name = Release;
		};
/* End XCBuildConfiguration section */

/* Begin XCConfigurationList section */
		80FC45012C26F9630074EAA4 /* Build configuration list for PBXProject "copyman" */ = {
			isa = XCConfigurationList;
			buildConfigurations = (
				80FC452A2C26F9640074EAA4 /* Debug */,
				80FC452B2C26F9640074EAA4 /* Release */,
			);
			defaultConfigurationIsVisible = 0;
			defaultConfigurationName = Release;
		};
		80FC452C2C26F9640074EAA4 /* Build configuration list for PBXNativeTarget "copyman" */ = {
			isa = XCConfigurationList;
			buildConfigurations = (
				80FC452D2C26F9640074EAA4 /* Debug */,
				80FC452E2C26F9640074EAA4 /* Release */,
			);
			defaultConfigurationIsVisible = 0;
			defaultConfigurationName = Release;
		};
		80FC452F2C26F9640074EAA4 /* Build configuration list for PBXNativeTarget "copymanTests" */ = {
			isa = XCConfigurationList;
			buildConfigurations = (
				80FC45302C26F9640074EAA4 /* Debug */,
				80FC45312C26F9640074EAA4 /* Release */,
			);
			defaultConfigurationIsVisible = 0;
			defaultConfigurationName = Release;
		};
		80FC45322C26F9640074EAA4 /* Build configuration list for PBXNativeTarget "copymanUITests" */ = {
			isa = XCConfigurationList;
			buildConfigurations = (
				80FC45332C26F9640074EAA4 /* Debug */,
				80FC45342C26F9640074EAA4 /* Release */,
			);
			defaultConfigurationIsVisible = 0;
			defaultConfigurationName = Release;
		};
/* End XCConfigurationList section */
	};
	rootObject = 80FC44FE2C26F9630074EAA4 /* Project object */;
}
